
Microsoft Visual Studio Solution File, Format Version 12.00
# Visual Studio Version 16
VisualStudioVersion = 16.0.29709.97
MinimumVisualStudioVersion = 10.0.40219.1
Project("{9A19103F-16F7-4668-BE54-9A1E7A4F7556}") = "WebApi", "WebApi\WebApi.csproj", "{FCE6E471-46BA-480E-828C-5B71816B56BA}"
EndProject
Project("{FAE04EC0-301F-11D3-BF4B-00C04F79EFBC}") = "Common", "Common\Common.csproj", "{286BAD37-3013-43EF-9DF1-F1D9E600F197}"
EndProject
Project("{FAE04EC0-301F-11D3-BF4B-00C04F79EFBC}") = "Services", "Services\Services.csproj", "{38978BE2-11BE-4A66-8377-8CC18816EDCA}"
EndProject
Project("{FAE04EC0-301F-11D3-BF4B-00C04F79EFBC}") = "Repositories", "Repositories\Repositories.csproj", "{F75A52CE-D1F9-47D3-A26F-5C3AC9914CD8}"
EndProject
Global
	GlobalSection(SolutionConfigurationPlatforms) = preSolution
		Debug|Any CPU = Debug|Any CPU
		Release|Any CPU = Release|Any CPU
	EndGlobalSection
	GlobalSection(ProjectConfigurationPlatforms) = postSolution
		{FCE6E471-46BA-480E-828C-5B71816B56BA}.Debug|Any CPU.ActiveCfg = Debug|Any CPU
		{FCE6E471-46BA-480E-828C-5B71816B56BA}.Debug|Any CPU.Build.0 = Debug|Any CPU
		{FCE6E471-46BA-480E-828C-5B71816B56BA}.Release|Any CPU.ActiveCfg = Release|Any CPU
		{FCE6E471-46BA-480E-828C-5B71816B56BA}.Release|Any CPU.Build.0 = Release|Any CPU
		{286BAD37-3013-43EF-9DF1-F1D9E600F197}.Debug|Any CPU.ActiveCfg = Debug|Any CPU
		{286BAD37-3013-43EF-9DF1-F1D9E600F197}.Debug|Any CPU.Build.0 = Debug|Any CPU
		{286BAD37-3013-43EF-9DF1-F1D9E600F197}.Release|Any CPU.ActiveCfg = Release|Any CPU
		{286BAD37-3013-43EF-9DF1-F1D9E600F197}.Release|Any CPU.Build.0 = Release|Any CPU
		{38978BE2-11BE-4A66-8377-8CC18816EDCA}.Debug|Any CPU.ActiveCfg = Debug|Any CPU
		{38978BE2-11BE-4A66-8377-8CC18816EDCA}.Debug|Any CPU.Build.0 = Debug|Any CPU
		{38978BE2-11BE-4A66-8377-8CC18816EDCA}.Release|Any CPU.ActiveCfg = Release|Any CPU
		{38978BE2-11BE-4A66-8377-8CC18816EDCA}.Release|Any CPU.Build.0 = Release|Any CPU
		{F75A52CE-D1F9-47D3-A26F-5C3AC9914CD8}.Debug|Any CPU.ActiveCfg = Debug|Any CPU
		{F75A52CE-D1F9-47D3-A26F-5C3AC9914CD8}.Debug|Any CPU.Build.0 = Debug|Any CPU
		{F75A52CE-D1F9-47D3-A26F-5C3AC9914CD8}.Release|Any CPU.ActiveCfg = Release|Any CPU
		{F75A52CE-D1F9-47D3-A26F-5C3AC9914CD8}.Release|Any CPU.Build.0 = Release|Any CPU
	EndGlobalSection
	GlobalSection(SolutionProperties) = preSolution
		HideSolutionNode = FALSE
	EndGlobalSection
	GlobalSection(ExtensibilityGlobals) = postSolution
		SolutionGuid = {3DA79E31-2B3B-41DA-9761-A22BE65AB502}
	EndGlobalSection
EndGlobal
